
Microsoft Visual Studio Solution File, Format Version 12.00
# Visual Studio 15
VisualStudioVersion = 15.0.26124.0
MinimumVisualStudioVersion = 15.0.26124.0
Project("{FAE04EC0-301F-11D3-BF4B-00C04F79EFBC}") = "FaustVX.Process", "FaustVX.Process\FaustVX.Process.csproj", "{609695A2-D61A-48B2-BCC6-AF59853C84BC}"
EndProject
Project("{FAE04EC0-301F-11D3-BF4B-00C04F79EFBC}") = "FaustVX.Process.Test", "FaustVX.Process.Test\FaustVX.Process.Test.csproj", "{38CCFCB6-D271-4CD9-8C2B-A51D9CF3A957}"
EndProject
Global
	GlobalSection(SolutionConfigurationPlatforms) = preSolution
		Debug|Any CPU = Debug|Any CPU
		Debug|x64 = Debug|x64
		Debug|x86 = Debug|x86
		Release|Any CPU = Release|Any CPU
		Release|x64 = Release|x64
		Release|x86 = Release|x86
	EndGlobalSection
	GlobalSection(SolutionProperties) = preSolution
		HideSolutionNode = FALSE
	EndGlobalSection
	GlobalSection(ProjectConfigurationPlatforms) = postSolution
		{609695A2-D61A-48B2-BCC6-AF59853C84BC}.Debug|Any CPU.ActiveCfg = Debug|Any CPU
		{609695A2-D61A-48B2-BCC6-AF59853C84BC}.Debug|Any CPU.Build.0 = Debug|Any CPU
		{609695A2-D61A-48B2-BCC6-AF59853C84BC}.Debug|x64.ActiveCfg = Debug|Any CPU
		{609695A2-D61A-48B2-BCC6-AF59853C84BC}.Debug|x64.Build.0 = Debug|Any CPU
		{609695A2-D61A-48B2-BCC6-AF59853C84BC}.Debug|x86.ActiveCfg = Debug|Any CPU
		{609695A2-D61A-48B2-BCC6-AF59853C84BC}.Debug|x86.Build.0 = Debug|Any CPU
		{609695A2-D61A-48B2-BCC6-AF59853C84BC}.Release|Any CPU.ActiveCfg = Release|Any CPU
		{609695A2-D61A-48B2-BCC6-AF59853C84BC}.Release|Any CPU.Build.0 = Release|Any CPU
		{609695A2-D61A-48B2-BCC6-AF59853C84BC}.Release|x64.ActiveCfg = Release|Any CPU
		{609695A2-D61A-48B2-BCC6-AF59853C84BC}.Release|x64.Build.0 = Release|Any CPU
		{609695A2-D61A-48B2-BCC6-AF59853C84BC}.Release|x86.ActiveCfg = Release|Any CPU
		{609695A2-D61A-48B2-BCC6-AF59853C84BC}.Release|x86.Build.0 = Release|Any CPU
		{38CCFCB6-D271-4CD9-8C2B-A51D9CF3A957}.Debug|Any CPU.ActiveCfg = Debug|Any CPU
		{38CCFCB6-D271-4CD9-8C2B-A51D9CF3A957}.Debug|Any CPU.Build.0 = Debug|Any CPU
		{38CCFCB6-D271-4CD9-8C2B-A51D9CF3A957}.Debug|x64.ActiveCfg = Debug|Any CPU
		{38CCFCB6-D271-4CD9-8C2B-A51D9CF3A957}.Debug|x64.Build.0 = Debug|Any CPU
		{38CCFCB6-D271-4CD9-8C2B-A51D9CF3A957}.Debug|x86.ActiveCfg = Debug|Any CPU
		{38CCFCB6-D271-4CD9-8C2B-A51D9CF3A957}.Debug|x86.Build.0 = Debug|Any CPU
		{38CCFCB6-D271-4CD9-8C2B-A51D9CF3A957}.Release|Any CPU.ActiveCfg = Release|Any CPU
		{38CCFCB6-D271-4CD9-8C2B-A51D9CF3A957}.Release|Any CPU.Build.0 = Release|Any CPU
		{38CCFCB6-D271-4CD9-8C2B-A51D9CF3A957}.Release|x64.ActiveCfg = Release|Any CPU
		{38CCFCB6-D271-4CD9-8C2B-A51D9CF3A957}.Release|x64.Build.0 = Release|Any CPU
		{38CCFCB6-D271-4CD9-8C2B-A51D9CF3A957}.Release|x86.ActiveCfg = Release|Any CPU
		{38CCFCB6-D271-4CD9-8C2B-A51D9CF3A957}.Release|x86.Build.0 = Release|Any CPU
	EndGlobalSection
EndGlobal
